
Microsoft Visual Studio Solution File, Format Version 12.00
# Visual Studio 15
VisualStudioVersion = 15.0.27004.2009
MinimumVisualStudioVersion = 10.0.40219.1
Project("{FAE04EC0-301F-11D3-BF4B-00C04F79EFBC}") = "Server", "Server\Server.csproj", "{46D24463-5C43-442D-BEAE-D1B2C1434D6F}"
EndProject
Project("{FAE04EC0-301F-11D3-BF4B-00C04F79EFBC}") = "Common", "Common\Common.csproj", "{1780D62B-D3F9-49B8-8D80-BD7C90788B12}"
EndProject
Project("{FAE04EC0-301F-11D3-BF4B-00C04F79EFBC}") = "Client", "Client\Client.csproj", "{8E62C7BA-CE1E-415F-9039-E36C75603B16}"
EndProject
Global
	GlobalSection(SolutionConfigurationPlatforms) = preSolution
		Debug|Any CPU = Debug|Any CPU
		Release|Any CPU = Release|Any CPU
	EndGlobalSection
	GlobalSection(ProjectConfigurationPlatforms) = postSolution
		{46D24463-5C43-442D-BEAE-D1B2C1434D6F}.Debug|Any CPU.ActiveCfg = Debug|Any CPU
		{46D24463-5C43-442D-BEAE-D1B2C1434D6F}.Debug|Any CPU.Build.0 = Debug|Any CPU
		{46D24463-5C43-442D-BEAE-D1B2C1434D6F}.Release|Any CPU.ActiveCfg = Release|Any CPU
		{46D24463-5C43-442D-BEAE-D1B2C1434D6F}.Release|Any CPU.Build.0 = Release|Any CPU
		{1780D62B-D3F9-49B8-8D80-BD7C90788B12}.Debug|Any CPU.ActiveCfg = Debug|Any CPU
		{1780D62B-D3F9-49B8-8D80-BD7C90788B12}.Debug|Any CPU.Build.0 = Debug|Any CPU
		{1780D62B-D3F9-49B8-8D80-BD7C90788B12}.Release|Any CPU.ActiveCfg = Release|Any CPU
		{1780D62B-D3F9-49B8-8D80-BD7C90788B12}.Release|Any CPU.Build.0 = Release|Any CPU
		{8E62C7BA-CE1E-415F-9039-E36C75603B16}.Debug|Any CPU.ActiveCfg = Debug|Any CPU
		{8E62C7BA-CE1E-415F-9039-E36C75603B16}.Debug|Any CPU.Build.0 = Debug|Any CPU
		{8E62C7BA-CE1E-415F-9039-E36C75603B16}.Release|Any CPU.ActiveCfg = Release|Any CPU
		{8E62C7BA-CE1E-415F-9039-E36C75603B16}.Release|Any CPU.Build.0 = Release|Any CPU
	EndGlobalSection
	GlobalSection(SolutionProperties) = preSolution
		HideSolutionNode = FALSE
	EndGlobalSection
	GlobalSection(ExtensibilityGlobals) = postSolution
		SolutionGuid = {91C3A545-80E7-41DB-A74F-0DF02056FF4F}
	EndGlobalSection
EndGlobal
